
Microsoft Visual Studio Solution File, Format Version 12.00
Project("{FAE04EC0-301F-11D3-BF4B-00C04F79EFBC}") = "NETAssignment", "NETAssignment\NETAssignment.csproj", "{A654BDE7-626C-4709-AA75-C9334EDB0371}"
EndProject
Global
	GlobalSection(SolutionConfigurationPlatforms) = preSolution
		Debug|Any CPU = Debug|Any CPU
		Release|Any CPU = Release|Any CPU
	EndGlobalSection
	GlobalSection(ProjectConfigurationPlatforms) = postSolution
		{A654BDE7-626C-4709-AA75-C9334EDB0371}.Debug|Any CPU.ActiveCfg = Debug|Any CPU
		{A654BDE7-626C-4709-AA75-C9334EDB0371}.Debug|Any CPU.Build.0 = Debug|Any CPU
		{A654BDE7-626C-4709-AA75-C9334EDB0371}.Release|Any CPU.ActiveCfg = Release|Any CPU
		{A654BDE7-626C-4709-AA75-C9334EDB0371}.Release|Any CPU.Build.0 = Release|Any CPU
	EndGlobalSection
EndGlobal
